{
  "name": "remote-process-server",
  "version": "3.0.0-rc.5",
  "lockfileVersion": 3,
  "requires": true,
  "packages": {
    "": {
      "name": "remote-process-server",
      "version": "3.0.0-rc.5",
      "hasInstallScript": true,
      "license": "MIT",
      "bin": {
        "remote-process-server": "entry.js"
      },
      "devDependencies": {
        "koffi": "^2.16.0"
      }
    },
    "node_modules/koffi": {
      "version": "2.16.0",
      "resolved": "https://registry.npmjs.org/koffi/-/koffi-2.16.0.tgz",
      "integrity": "sha512-h/2NJueOKWd0YYycEOWDspomizgNfuOKf/V7ZE2fytvuRtHoY9Tb+y4x6GJ6pFqaVndWn9dLK+sCI14eWtu5rA==",
      "dev": true,
      "hasInstallScript": true,
      "license": "MIT",
      "funding": {
        "url": "https://liberapay.com/Koromix"
      }
    }
  }
}
