{
  "name": "remote-process-server",
  "version": "3.0.0-rc.3",
  "lockfileVersion": 3,
  "requires": true,
  "packages": {
    "": {
      "name": "remote-process-server",
      "version": "3.0.0-rc.3",
      "hasInstallScript": true,
      "license": "MIT",
      "bin": {
        "remote-process-server": "entry.js"
      }
    }
  }
}
